
Microsoft Visual Studio Solution File, Format Version 12.00
# Visual Studio Version 17
VisualStudioVersion = 17.8.34525.116
MinimumVisualStudioVersion = 10.0.40219.1
Project("{9A19103F-16F7-4668-BE54-9A1E7A4F7556}") = "PokemonReviewApp", "PokemonReviewApp\PokemonReviewApp.csproj", "{D5152A89-F5E8-468A-9C2E-33438914946B}"
EndProject
Global
	GlobalSection(SolutionConfigurationPlatforms) = preSolution
		Debug|Any CPU = Debug|Any CPU
		Release|Any CPU = Release|Any CPU
	EndGlobalSection
	GlobalSection(ProjectConfigurationPlatforms) = postSolution
		{D5152A89-F5E8-468A-9C2E-33438914946B}.Debug|Any CPU.ActiveCfg = Debug|Any CPU
		{D5152A89-F5E8-468A-9C2E-33438914946B}.Debug|Any CPU.Build.0 = Debug|Any CPU
		{D5152A89-F5E8-468A-9C2E-33438914946B}.Release|Any CPU.ActiveCfg = Release|Any CPU
		{D5152A89-F5E8-468A-9C2E-33438914946B}.Release|Any CPU.Build.0 = Release|Any CPU
	EndGlobalSection
	GlobalSection(SolutionProperties) = preSolution
		HideSolutionNode = FALSE
	EndGlobalSection
	GlobalSection(ExtensibilityGlobals) = postSolution
		SolutionGuid = {35FE990F-0B87-4F9E-A23E-B26E9141378D}
	EndGlobalSection
EndGlobal
